{
  "name": "kobiton",
  "version": "1.0.0",
  "lockfileVersion": 1,
  "requires": true,
  "dependencies": {
    "adler-32": {
      "version": "1.2.0",
      "resolved": "https://registry.npmjs.org/adler-32/-/adler-32-1.2.0.tgz",
      "integrity": "sha1-aj5r8KY5ALoVZSgIyxXGgT0aXyU=",
      "requires": {
        "exit-on-epipe": "1.0.1",
        "printj": "1.1.1"
      }
    },
    "btoa": {
      "version": "1.1.2",
      "resolved": "https://registry.npmjs.org/btoa/-/btoa-1.1.2.tgz",
      "integrity": "sha1-PkC4FmP4HS3WWWpMtxSo3BbPq+A="
    },
    "cfb": {
      "version": "1.0.2",
      "resolved": "https://registry.npmjs.org/cfb/-/cfb-1.0.2.tgz",
      "integrity": "sha1-9R2bvltdHnVwBYHWgiLy70bsIUI=",
      "requires": {
        "commander": "2.13.0",
        "printj": "1.1.1"
      }
    },
    "child-process": {
      "version": "1.0.2",
      "resolved": "https://registry.npmjs.org/child-process/-/child-process-1.0.2.tgz",
      "integrity": "sha1-mJdNx+0e5MYin44wX6cxOmiFp/I="
    },
    "codepage": {
      "version": "1.12.0",
      "resolved": "https://registry.npmjs.org/codepage/-/codepage-1.12.0.tgz",
      "integrity": "sha512-D5theGKN/IpxSyf53b1AgOhU9oantgFjmm0NHhkE/HNEWAT88epkRA/+No21zlSfa1e/kAySASEsMqQ9vdaM3Q==",
      "requires": {
        "commander": "2.11.0",
        "exit-on-epipe": "1.0.1",
        "voc": "1.0.0"
      },
      "dependencies": {
        "commander": {
          "version": "2.11.0",
          "resolved": "https://registry.npmjs.org/commander/-/commander-2.11.0.tgz",
          "integrity": "sha512-b0553uYA5YAEGgyYIGYROzKQ7X5RAqedkfjiZxwi0kL1g3bOaBNNZfYkzt/CL0umgD5wc9Jec2FbB98CjkMRvQ=="
        }
      }
    },
    "commander": {
      "version": "2.13.0",
      "resolved": "https://registry.npmjs.org/commander/-/commander-2.13.0.tgz",
      "integrity": "sha512-MVuS359B+YzaWqjCL/c+22gfryv+mCBPHAv3zyVI2GN8EY6IRP8VwtasXn8jyyhvvq84R4ImN1OKRtcbIasjYA=="
    },
    "crc-32": {
      "version": "1.2.0",
      "resolved": "https://registry.npmjs.org/crc-32/-/crc-32-1.2.0.tgz",
      "integrity": "sha512-1uBwHxF+Y/4yF5G48fwnKq6QsIXheor3ZLPT80yGBV1oEUwpPojlEhQbWKVw1VwcTQyMGHK1/XMmTjmlsmTTGA==",
      "requires": {
        "exit-on-epipe": "1.0.1",
        "printj": "1.1.1"
      }
    },
    "encoding": {
      "version": "0.1.12",
      "resolved": "https://registry.npmjs.org/encoding/-/encoding-0.1.12.tgz",
      "integrity": "sha1-U4tm8+5izRq1HsMjgp0flIDHS+s=",
      "requires": {
        "iconv-lite": "0.4.19"
      }
    },
    "exit-on-epipe": {
      "version": "1.0.1",
      "resolved": "https://registry.npmjs.org/exit-on-epipe/-/exit-on-epipe-1.0.1.tgz",
      "integrity": "sha512-h2z5mrROTxce56S+pnvAV890uu7ls7f1kEvVGJbw1OlFH3/mlJ5bkXu0KRyW94v37zzHPiUd55iLn3DA7TjWpw=="
    },
    "frac": {
      "version": "1.1.1",
      "resolved": "https://registry.npmjs.org/frac/-/frac-1.1.1.tgz",
      "integrity": "sha512-UKV4N/r4PQQgdjrmiI5XOv+dII8OgwXQaEIUNj/vH1KtvaTwIBRwVobAWwEKPK7HLJmSwru/1a1A88TB/DtxZg==",
      "requires": {
        "voc": "1.0.0"
      }
    },
    "iconv-lite": {
      "version": "0.4.19",
      "resolved": "https://registry.npmjs.org/iconv-lite/-/iconv-lite-0.4.19.tgz",
      "integrity": "sha512-oTZqweIP51xaGPI4uPa56/Pri/480R+mo7SeU+YETByQNhDG55ycFyNLIgta9vXhILrxXDmF7ZGhqZIcuN0gJQ=="
    },
    "is-stream": {
      "version": "1.1.0",
      "resolved": "https://registry.npmjs.org/is-stream/-/is-stream-1.1.0.tgz",
      "integrity": "sha1-EtSj3U5o4Lec6428hBc66A2RykQ="
    },
    "node-fetch": {
      "version": "1.7.3",
      "resolved": "https://registry.npmjs.org/node-fetch/-/node-fetch-1.7.3.tgz",
      "integrity": "sha512-NhZ4CsKx7cYm2vSrBAr2PvFOe6sWDf0UYLRqA6svUYg7+/TSfVAu49jYC4BvQ4Sms9SZgdqGBgroqfDhJdTyKQ==",
      "requires": {
        "encoding": "0.1.12",
        "is-stream": "1.1.0"
      }
    },
    "printj": {
      "version": "1.1.1",
      "resolved": "https://registry.npmjs.org/printj/-/printj-1.1.1.tgz",
      "integrity": "sha512-92lwY69sNMFVtJz9GswmGEN8n5ClTJJzQflshyN1hBHRX5XWphhDWobIY6BaFPGbS4JGlMZJ0735zTijdpfRsA=="
    },
    "ssf": {
      "version": "0.10.1",
      "resolved": "https://registry.npmjs.org/ssf/-/ssf-0.10.1.tgz",
      "integrity": "sha1-8j2CtjeS71YIkInBzQyEjpEc26Y=",
      "requires": {
        "frac": "1.1.1"
      }
    },
    "voc": {
      "version": "1.0.0",
      "resolved": "https://registry.npmjs.org/voc/-/voc-1.0.0.tgz",
      "integrity": "sha512-mQwxWlK+zosxxDTqiFb9ZQBNgd794scgkhVwca7h9sEhvA52f3VzbOK+TOWeS8eSrFXnfuKrxElSPc5oLAetfw=="
    },
    "xlsx": {
      "version": "0.11.19",
      "resolved": "https://registry.npmjs.org/xlsx/-/xlsx-0.11.19.tgz",
      "integrity": "sha512-UTfD64o5Ka/E6QHL12fzcq5wnt9MCtuwgoUdYSTDxjjDkhNmZwSfPlJH/+Yh8vE6nU/0ax3MXNrc9AP4haAmIg==",
      "requires": {
        "adler-32": "1.2.0",
        "cfb": "1.0.2",
        "codepage": "1.12.0",
        "commander": "2.13.0",
        "crc-32": "1.2.0",
        "exit-on-epipe": "1.0.1",
        "ssf": "0.10.1"
      }
    }
  }
}
